
Microsoft Visual Studio Solution File, Format Version 12.00
# Visual Studio Version 17
VisualStudioVersion = 17.8.34511.84
MinimumVisualStudioVersion = 10.0.40219.1
Project("{FAE04EC0-301F-11D3-BF4B-00C04F79EFBC}") = "Atividade02", "Atividade02\Atividade02.csproj", "{5E334E30-58CA-448C-90AD-A3DF7F474D59}"
EndProject
Global
	GlobalSection(SolutionConfigurationPlatforms) = preSolution
		Debug|Any CPU = Debug|Any CPU
		Release|Any CPU = Release|Any CPU
	EndGlobalSection
	GlobalSection(ProjectConfigurationPlatforms) = postSolution
		{5E334E30-58CA-448C-90AD-A3DF7F474D59}.Debug|Any CPU.ActiveCfg = Debug|Any CPU
		{5E334E30-58CA-448C-90AD-A3DF7F474D59}.Debug|Any CPU.Build.0 = Debug|Any CPU
		{5E334E30-58CA-448C-90AD-A3DF7F474D59}.Release|Any CPU.ActiveCfg = Release|Any CPU
		{5E334E30-58CA-448C-90AD-A3DF7F474D59}.Release|Any CPU.Build.0 = Release|Any CPU
	EndGlobalSection
	GlobalSection(SolutionProperties) = preSolution
		HideSolutionNode = FALSE
	EndGlobalSection
	GlobalSection(ExtensibilityGlobals) = postSolution
		SolutionGuid = {E69206CA-1D99-4750-A71E-AB8C263ACCF7}
	EndGlobalSection
EndGlobal
